
{
    "_meta": {
        "hash": {
            "sha256": "36c21e2d4a3953211e066e1592f406c572012baa712c2040d4cefd97da384b93"
        },
        "pipfile-spec": 6,
        "requires": {
            "python_version": "3.6"
        },
        "sources": [
            {
                "name": "pypi",
                "url": "https://pypi.org/simple",
                "verify_ssl": true
            }
        ]
    },
    "default": {
        "alembic": {
            "hashes": [
                "sha256:49277bb7242192bbb9eac58fed4fe02ec6c3a2a4b4345d2171197459266482b2"
            ],
            "version": "==1.3.1"
        },
